
Microsoft Visual Studio Solution File, Format Version 12.00
# Visual Studio Version 16
VisualStudioVersion = 16.0.30406.217
MinimumVisualStudioVersion = 10.0.40219.1
Project("{FAE04EC0-301F-11D3-BF4B-00C04F79EFBC}") = "UnderstandingOOPSApplication", "UnderstandingOOPSApplication\UnderstandingOOPSApplication.csproj", "{E821863E-0BB5-4081-862B-702020A61ECB}"
EndProject
Global
	GlobalSection(SolutionConfigurationPlatforms) = preSolution
		Debug|Any CPU = Debug|Any CPU
		Release|Any CPU = Release|Any CPU
	EndGlobalSection
	GlobalSection(ProjectConfigurationPlatforms) = postSolution
		{E821863E-0BB5-4081-862B-702020A61ECB}.Debug|Any CPU.ActiveCfg = Debug|Any CPU
		{E821863E-0BB5-4081-862B-702020A61ECB}.Debug|Any CPU.Build.0 = Debug|Any CPU
		{E821863E-0BB5-4081-862B-702020A61ECB}.Release|Any CPU.ActiveCfg = Release|Any CPU
		{E821863E-0BB5-4081-862B-702020A61ECB}.Release|Any CPU.Build.0 = Release|Any CPU
	EndGlobalSection
	GlobalSection(SolutionProperties) = preSolution
		HideSolutionNode = FALSE
	EndGlobalSection
	GlobalSection(ExtensibilityGlobals) = postSolution
		SolutionGuid = {AB4001FD-B1C2-4051-AD26-D9D6C014C588}
	EndGlobalSection
EndGlobal
