
Microsoft Visual Studio Solution File, Format Version 12.00
# Visual Studio Version 16
VisualStudioVersion = 16.0.30406.217
MinimumVisualStudioVersion = 10.0.40219.1
Project("{FAE04EC0-301F-11D3-BF4B-00C04F79EFBC}") = "UnderstandingOverloadingApplication", "UnderstandingOverloadingApplication\UnderstandingOverloadingApplication.csproj", "{1749BC12-99FA-4B88-85D9-6E1A9CA57974}"
EndProject
Global
	GlobalSection(SolutionConfigurationPlatforms) = preSolution
		Debug|Any CPU = Debug|Any CPU
		Release|Any CPU = Release|Any CPU
	EndGlobalSection
	GlobalSection(ProjectConfigurationPlatforms) = postSolution
		{1749BC12-99FA-4B88-85D9-6E1A9CA57974}.Debug|Any CPU.ActiveCfg = Debug|Any CPU
		{1749BC12-99FA-4B88-85D9-6E1A9CA57974}.Debug|Any CPU.Build.0 = Debug|Any CPU
		{1749BC12-99FA-4B88-85D9-6E1A9CA57974}.Release|Any CPU.ActiveCfg = Release|Any CPU
		{1749BC12-99FA-4B88-85D9-6E1A9CA57974}.Release|Any CPU.Build.0 = Release|Any CPU
	EndGlobalSection
	GlobalSection(SolutionProperties) = preSolution
		HideSolutionNode = FALSE
	EndGlobalSection
	GlobalSection(ExtensibilityGlobals) = postSolution
		SolutionGuid = {C489032C-AE41-471E-A046-419954031BCF}
	EndGlobalSection
EndGlobal
